
Microsoft Visual Studio Solution File, Format Version 12.00
# Visual Studio Version 17
VisualStudioVersion = 17.4.33103.184
MinimumVisualStudioVersion = 10.0.40219.1
Project("{9A19103F-16F7-4668-BE54-9A1E7A4F7556}") = "WarshipsRPGAlpha", "WarshipsRPGAlpha.csproj", "{2D293D7A-0070-4B37-8210-F84A49525399}"
EndProject
Global
	GlobalSection(SolutionConfigurationPlatforms) = preSolution
		Debug|Any CPU = Debug|Any CPU
		Release|Any CPU = Release|Any CPU
	EndGlobalSection
	GlobalSection(ProjectConfigurationPlatforms) = postSolution
		{2D293D7A-0070-4B37-8210-F84A49525399}.Debug|Any CPU.ActiveCfg = Debug|Any CPU
		{2D293D7A-0070-4B37-8210-F84A49525399}.Debug|Any CPU.Build.0 = Debug|Any CPU
		{2D293D7A-0070-4B37-8210-F84A49525399}.Release|Any CPU.ActiveCfg = Release|Any CPU
		{2D293D7A-0070-4B37-8210-F84A49525399}.Release|Any CPU.Build.0 = Release|Any CPU
	EndGlobalSection
	GlobalSection(SolutionProperties) = preSolution
		HideSolutionNode = FALSE
	EndGlobalSection
	GlobalSection(ExtensibilityGlobals) = postSolution
		SolutionGuid = {647E422F-92CA-4695-AC94-597905C35EEA}
	EndGlobalSection
EndGlobal
